// !$*UTF8*$!
{
	archiveVersion = 1;
	classes = {
	};
	objectVersion = 55;
	objects = {

/* Begin PBXBuildFile section */
		06177D1627E2FCEC0007FEA3 /* AdminProfileViewController.swift in Sources */ = {isa = PBXBuildFile; fileRef = 06177D1527E2FCEC0007FEA3 /* AdminProfileViewController.swift */; };
		06177D1827E304D50007FEA3 /* GetAdminProfileDataResponseModel.swift in Sources */ = {isa = PBXBuildFile; fileRef = 06177D1727E304D50007FEA3 /* GetAdminProfileDataResponseModel.swift */; };
		06177D1A27E3AD290007FEA3 /* UserTableViewCell.swift in Sources */ = {isa = PBXBuildFile; fileRef = 06177D1927E3AD290007FEA3 /* UserTableViewCell.swift */; };
		061BC37027E3C26F00B62023 /* GetAllUserResponseModel.swift in Sources */ = {isa = PBXBuildFile; fileRef = 061BC36F27E3C26F00B62023 /* GetAllUserResponseModel.swift */; };
		06342B3D27E24D8E00918F89 /* AdminTableViewCell.swift in Sources */ = {isa = PBXBuildFile; fileRef = 06342B3C27E24D8E00918F89 /* AdminTableViewCell.swift */; };
		064E178227DBAE3F00490430 /* Constant.swift in Sources */ = {isa = PBXBuildFile; fileRef = 064E178127DBAE3F00490430 /* Constant.swift */; };
		064E178527DBB11000490430 /* RegisterModel.swift in Sources */ = {isa = PBXBuildFile; fileRef = 064E178427DBB11000490430 /* RegisterModel.swift */; };
		064E178827DBB2BF00490430 /* ApIManager.swift in Sources */ = {isa = PBXBuildFile; fileRef = 064E178727DBB2BF00490430 /* ApIManager.swift */; };
		064E178E27DBC38E00490430 /* LoginModel.swift in Sources */ = {isa = PBXBuildFile; fileRef = 064E178D27DBC38E00490430 /* LoginModel.swift */; };
		06521AB327E3D150004825A4 /* UserDetailsViewController.swift in Sources */ = {isa = PBXBuildFile; fileRef = 06521AB227E3D150004825A4 /* UserDetailsViewController.swift */; };
		066F349127DF1B900024C952 /* UIApplication + Extension.swift in Sources */ = {isa = PBXBuildFile; fileRef = 066F349027DF1B900024C952 /* UIApplication + Extension.swift */; };
		066F349427DF29A90024C952 /* HomeViewController.swift in Sources */ = {isa = PBXBuildFile; fileRef = 066F349327DF29A90024C952 /* HomeViewController.swift */; };
		066F349D27DF99940024C952 /* ProfileViewController.swift in Sources */ = {isa = PBXBuildFile; fileRef = 066F349C27DF99940024C952 /* ProfileViewController.swift */; };
		066F349F27DF99B60024C952 /* AdminViewController.swift in Sources */ = {isa = PBXBuildFile; fileRef = 066F349E27DF99B60024C952 /* AdminViewController.swift */; };
		066F34A427DF9A110024C952 /* ChalengesViewController.swift in Sources */ = {isa = PBXBuildFile; fileRef = 066F34A327DF9A110024C952 /* ChalengesViewController.swift */; };
		066F34A627DF9A1F0024C952 /* CategoryViewController.swift in Sources */ = {isa = PBXBuildFile; fileRef = 066F34A527DF9A1F0024C952 /* CategoryViewController.swift */; };
		066F34A827DF9A2C0024C952 /* UsersViewController.swift in Sources */ = {isa = PBXBuildFile; fileRef = 066F34A727DF9A2C0024C952 /* UsersViewController.swift */; };
		066F34AB27DF9C240024C952 /* SettingViewController.swift in Sources */ = {isa = PBXBuildFile; fileRef = 066F34AA27DF9C240024C952 /* SettingViewController.swift */; };
		067E97C427E032E600D37F95 /* EditProfieViewController.swift in Sources */ = {isa = PBXBuildFile; fileRef = 067E97C327E032E600D37F95 /* EditProfieViewController.swift */; };
		068E2B5227DCA28700FDCF09 /* LoginViewController.swift in Sources */ = {isa = PBXBuildFile; fileRef = 068E2B5127DCA28700FDCF09 /* LoginViewController.swift */; };
		068E2B5427DCAD4800FDCF09 /* RegisterViewController.swift in Sources */ = {isa = PBXBuildFile; fileRef = 068E2B5327DCAD4800FDCF09 /* RegisterViewController.swift */; };
		06AB764627DA42E30000B967 /* AppDelegate.swift in Sources */ = {isa = PBXBuildFile; fileRef = 06AB764527DA42E30000B967 /* AppDelegate.swift */; };
		06AB764D27DA42E30000B967 /* Main.storyboard in Resources */ = {isa = PBXBuildFile; fileRef = 06AB764B27DA42E30000B967 /* Main.storyboard */; };
		06AB764F27DA42E40000B967 /* Assets.xcassets in Resources */ = {isa = PBXBuildFile; fileRef = 06AB764E27DA42E40000B967 /* Assets.xcassets */; };
		06AB765227DA42E40000B967 /* LaunchScreen.storyboard in Resources */ = {isa = PBXBuildFile; fileRef = 06AB765027DA42E40000B967 /* LaunchScreen.storyboard */; };
		06CF318127DE01900088FBCF /* TokenService.swift in Sources */ = {isa = PBXBuildFile; fileRef = 06CF318027DE018F0088FBCF /* TokenService.swift */; };
		06DEF23D27E21D67007E4F66 /* AdminDetailsModel.swift in Sources */ = {isa = PBXBuildFile; fileRef = 06DEF23C27E21D67007E4F66 /* AdminDetailsModel.swift */; };
		C9640B1C4928B62FA9670EFB /* Pods_fitbets_admin.framework in Frameworks */ = {isa = PBXBuildFile; fileRef = 3273DDA638B6FD5506637067 /* Pods_fitbets_admin.framework */; };
/* End PBXBuildFile section */

/* Begin PBXFileReference section */
		06177D1527E2FCEC0007FEA3 /* AdminProfileViewController.swift */ = {isa = PBXFileReference; lastKnownFileType = sourcecode.swift; path = AdminProfileViewController.swift; sourceTree = "<group>"; };
		06177D1727E304D50007FEA3 /* GetAdminProfileDataResponseModel.swift */ = {isa = PBXFileReference; lastKnownFileType = sourcecode.swift; path = GetAdminProfileDataResponseModel.swift; sourceTree = "<group>"; };
		06177D1927E3AD290007FEA3 /* UserTableViewCell.swift */ = {isa = PBXFileReference; lastKnownFileType = sourcecode.swift; path = UserTableViewCell.swift; sourceTree = "<group>"; };
		061BC36F27E3C26F00B62023 /* GetAllUserResponseModel.swift */ = {isa = PBXFileReference; lastKnownFileType = sourcecode.swift; path = GetAllUserResponseModel.swift; sourceTree = "<group>"; };
		06342B3C27E24D8E00918F89 /* AdminTableViewCell.swift */ = {isa = PBXFileReference; lastKnownFileType = sourcecode.swift; path = AdminTableViewCell.swift; sourceTree = "<group>"; };
		064E178127DBAE3F00490430 /* Constant.swift */ = {isa = PBXFileReference; lastKnownFileType = sourcecode.swift; path = Constant.swift; sourceTree = "<group>"; };
		064E178427DBB11000490430 /* RegisterModel.swift */ = {isa = PBXFileReference; lastKnownFileType = sourcecode.swift; path = RegisterModel.swift; sourceTree = "<group>"; };
		064E178727DBB2BF00490430 /* ApIManager.swift */ = {isa = PBXFileReference; lastKnownFileType = sourcecode.swift; path = ApIManager.swift; sourceTree = "<group>"; };
		064E178D27DBC38E00490430 /* LoginModel.swift */ = {isa = PBXFileReference; lastKnownFileType = sourcecode.swift; path = LoginModel.swift; sourceTree = "<group>"; };
		06521AB227E3D150004825A4 /* UserDetailsViewController.swift */ = {isa = PBXFileReference; lastKnownFileType = sourcecode.swift; path = UserDetailsViewController.swift; sourceTree = "<group>"; };
		066F349027DF1B900024C952 /* UIApplication + Extension.swift */ = {isa = PBXFileReference; lastKnownFileType = sourcecode.swift; path = "UIApplication + Extension.swift"; sourceTree = "<group>"; };
		066F349327DF29A90024C952 /* HomeViewController.swift */ = {isa = PBXFileReference; lastKnownFileType = sourcecode.swift; path = HomeViewController.swift; sourceTree = "<group>"; };
		066F349C27DF99940024C952 /* ProfileViewController.swift */ = {isa = PBXFileReference; lastKnownFileType = sourcecode.swift; path = ProfileViewController.swift; sourceTree = "<group>"; };
		066F349E27DF99B60024C952 /* AdminViewController.swift */ = {isa = PBXFileReference; lastKnownFileType = sourcecode.swift; path = AdminViewController.swift; sourceTree = "<group>"; };
		066F34A327DF9A110024C952 /* ChalengesViewController.swift */ = {isa = PBXFileReference; lastKnownFileType = sourcecode.swift; path = ChalengesViewController.swift; sourceTree = "<group>"; };
		066F34A527DF9A1F0024C952 /* CategoryViewController.swift */ = {isa = PBXFileReference; lastKnownFileType = sourcecode.swift; path = CategoryViewController.swift; sourceTree = "<group>"; };
		066F34A727DF9A2C0024C952 /* UsersViewController.swift */ = {isa = PBXFileReference; lastKnownFileType = sourcecode.swift; path = UsersViewController.swift; sourceTree = "<group>"; };
		066F34AA27DF9C240024C952 /* SettingViewController.swift */ = {isa = PBXFileReference; lastKnownFileType = sourcecode.swift; path = SettingViewController.swift; sourceTree = "<group>"; };
		067E97C327E032E600D37F95 /* EditProfieViewController.swift */ = {isa = PBXFileReference; lastKnownFileType = sourcecode.swift; path = EditProfieViewController.swift; sourceTree = "<group>"; };
		068E2B5127DCA28700FDCF09 /* LoginViewController.swift */ = {isa = PBXFileReference; lastKnownFileType = sourcecode.swift; path = LoginViewController.swift; sourceTree = "<group>"; };
		068E2B5327DCAD4800FDCF09 /* RegisterViewController.swift */ = {isa = PBXFileReference; lastKnownFileType = sourcecode.swift; path = RegisterViewController.swift; sourceTree = "<group>"; };
		06AB764227DA42E30000B967 /* fitbets admin.app */ = {isa = PBXFileReference; explicitFileType = wrapper.application; includeInIndex = 0; path = "fitbets admin.app"; sourceTree = BUILT_PRODUCTS_DIR; };
		06AB764527DA42E30000B967 /* AppDelegate.swift */ = {isa = PBXFileReference; lastKnownFileType = sourcecode.swift; path = AppDelegate.swift; sourceTree = "<group>"; };
		06AB764C27DA42E30000B967 /* Base */ = {isa = PBXFileReference; lastKnownFileType = file.storyboard; name = Base; path = Base.lproj/Main.storyboard; sourceTree = "<group>"; };
		06AB764E27DA42E40000B967 /* Assets.xcassets */ = {isa = PBXFileReference; lastKnownFileType = folder.assetcatalog; path = Assets.xcassets; sourceTree = "<group>"; };
		06AB765127DA42E40000B967 /* Base */ = {isa = PBXFileReference; lastKnownFileType = file.storyboard; name = Base; path = Base.lproj/LaunchScreen.storyboard; sourceTree = "<group>"; };
		06AB765327DA42E40000B967 /* Info.plist */ = {isa = PBXFileReference; lastKnownFileType = text.plist.xml; path = Info.plist; sourceTree = "<group>"; };
		06CF318027DE018F0088FBCF /* TokenService.swift */ = {isa = PBXFileReference; lastKnownFileType = sourcecode.swift; path = TokenService.swift; sourceTree = "<group>"; };
		06DEF23C27E21D67007E4F66 /* AdminDetailsModel.swift */ = {isa = PBXFileReference; lastKnownFileType = sourcecode.swift; path = AdminDetailsModel.swift; sourceTree = "<group>"; };
		3273DDA638B6FD5506637067 /* Pods_fitbets_admin.framework */ = {isa = PBXFileReference; explicitFileType = wrapper.framework; includeInIndex = 0; path = Pods_fitbets_admin.framework; sourceTree = BUILT_PRODUCTS_DIR; };
		3EADA28B6AA7CB5C5997AAFA /* Pods-fitbets admin.debug.xcconfig */ = {isa = PBXFileReference; includeInIndex = 1; lastKnownFileType = text.xcconfig; name = "Pods-fitbets admin.debug.xcconfig"; path = "Target Support Files/Pods-fitbets admin/Pods-fitbets admin.debug.xcconfig"; sourceTree = "<group>"; };
		A3BE86B1B8BD4EE0C57242F3 /* Pods-fitbets admin.release.xcconfig */ = {isa = PBXFileReference; includeInIndex = 1; lastKnownFileType = text.xcconfig; name = "Pods-fitbets admin.release.xcconfig"; path = "Target Support Files/Pods-fitbets admin/Pods-fitbets admin.release.xcconfig"; sourceTree = "<group>"; };
/* End PBXFileReference section */

/* Begin PBXFrameworksBuildPhase section */
		06AB763F27DA42E30000B967 /* Frameworks */ = {
			isa = PBXFrameworksBuildPhase;
			buildActionMask = 2147483647;
			files = (
				C9640B1C4928B62FA9670EFB /* Pods_fitbets_admin.framework in Frameworks */,
			);
			runOnlyForDeploymentPostprocessing = 0;
		};
/* End PBXFrameworksBuildPhase section */

/* Begin PBXGroup section */
		060762CD27DE012000614F56 /* TokenService */ = {
			isa = PBXGroup;
			children = (
				06CF318027DE018F0088FBCF /* TokenService.swift */,
			);
			path = TokenService;
			sourceTree = "<group>";
		};
		064E178027DBAE1600490430 /* Constants */ = {
			isa = PBXGroup;
			children = (
				064E178127DBAE3F00490430 /* Constant.swift */,
			);
			path = Constants;
			sourceTree = "<group>";
		};
		064E178327DBB0EC00490430 /* Model */ = {
			isa = PBXGroup;
			children = (
				064E178427DBB11000490430 /* RegisterModel.swift */,
				064E178D27DBC38E00490430 /* LoginModel.swift */,
				06DEF23C27E21D67007E4F66 /* AdminDetailsModel.swift */,
				06177D1727E304D50007FEA3 /* GetAdminProfileDataResponseModel.swift */,
				061BC36F27E3C26F00B62023 /* GetAllUserResponseModel.swift */,
			);
			path = Model;
			sourceTree = "<group>";
		};
		064E178627DBB29800490430 /* APIManager */ = {
			isa = PBXGroup;
			children = (
				064E178727DBB2BF00490430 /* ApIManager.swift */,
			);
			path = APIManager;
			sourceTree = "<group>";
		};
		064E178927DBB8B900490430 /* Views */ = {
			isa = PBXGroup;
			children = (
				067E97C227E032AE00D37F95 /* Admins */,
				066F34A927DF9C110024C952 /* Setting */,
				066F34A227DF99E60024C952 /* Challenges */,
				066F34A127DF99D40024C952 /* Category */,
				066F34A027DF99BF0024C952 /* Users */,
				066F349227DF299A0024C952 /* Home */,
				064E178A27DBB8C300490430 /* Profile */,
			);
			path = Views;
			sourceTree = "<group>";
		};
		064E178A27DBB8C300490430 /* Profile */ = {
			isa = PBXGroup;
			children = (
				068E2B5127DCA28700FDCF09 /* LoginViewController.swift */,
				068E2B5327DCAD4800FDCF09 /* RegisterViewController.swift */,
				066F349C27DF99940024C952 /* ProfileViewController.swift */,
				067E97C327E032E600D37F95 /* EditProfieViewController.swift */,
			);
			path = Profile;
			sourceTree = "<group>";
		};
		066F348F27DF1B740024C952 /* Extension */ = {
			isa = PBXGroup;
			children = (
				066F349027DF1B900024C952 /* UIApplication + Extension.swift */,
			);
			path = Extension;
			sourceTree = "<group>";
		};
		066F349227DF299A0024C952 /* Home */ = {
			isa = PBXGroup;
			children = (
				066F349327DF29A90024C952 /* HomeViewController.swift */,
			);
			path = Home;
			sourceTree = "<group>";
		};
		066F349527DF5A9A0024C952 /* Utilities */ = {
			isa = PBXGroup;
			children = (
			);
			path = Utilities;
			sourceTree = "<group>";
		};
		066F34A027DF99BF0024C952 /* Users */ = {
			isa = PBXGroup;
			children = (
				066F34A727DF9A2C0024C952 /* UsersViewController.swift */,
				06177D1927E3AD290007FEA3 /* UserTableViewCell.swift */,
				06521AB227E3D150004825A4 /* UserDetailsViewController.swift */,
			);
			path = Users;
			sourceTree = "<group>";
		};
		066F34A127DF99D40024C952 /* Category */ = {
			isa = PBXGroup;
			children = (
				066F34A527DF9A1F0024C952 /* CategoryViewController.swift */,
			);
			path = Category;
			sourceTree = "<group>";
		};
		066F34A227DF99E60024C952 /* Challenges */ = {
			isa = PBXGroup;
			children = (
				066F34A327DF9A110024C952 /* ChalengesViewController.swift */,
			);
			path = Challenges;
			sourceTree = "<group>";
		};
		066F34A927DF9C110024C952 /* Setting */ = {
			isa = PBXGroup;
			children = (
				066F34AA27DF9C240024C952 /* SettingViewController.swift */,
			);
			path = Setting;
			sourceTree = "<group>";
		};
		067E97C227E032AE00D37F95 /* Admins */ = {
			isa = PBXGroup;
			children = (
				066F349E27DF99B60024C952 /* AdminViewController.swift */,
				06342B3C27E24D8E00918F89 /* AdminTableViewCell.swift */,
				06177D1527E2FCEC0007FEA3 /* AdminProfileViewController.swift */,
			);
			path = Admins;
			sourceTree = "<group>";
		};
		06AB763927DA42E30000B967 = {
			isa = PBXGroup;
			children = (
				06AB764427DA42E30000B967 /* fitbets admin */,
				06AB764327DA42E30000B967 /* Products */,
				175E9A37B94FD9C09B4F1419 /* Pods */,
				CE433CD0F86BC9229B0EAFBC /* Frameworks */,
			);
			sourceTree = "<group>";
		};
		06AB764327DA42E30000B967 /* Products */ = {
			isa = PBXGroup;
			children = (
				06AB764227DA42E30000B967 /* fitbets admin.app */,
			);
			name = Products;
			sourceTree = "<group>";
		};
		06AB764427DA42E30000B967 /* fitbets admin */ = {
			isa = PBXGroup;
			children = (
				066F349527DF5A9A0024C952 /* Utilities */,
				066F348F27DF1B740024C952 /* Extension */,
				06AB764527DA42E30000B967 /* AppDelegate.swift */,
				060762CD27DE012000614F56 /* TokenService */,
				064E178627DBB29800490430 /* APIManager */,
				064E178327DBB0EC00490430 /* Model */,
				064E178027DBAE1600490430 /* Constants */,
				064E178927DBB8B900490430 /* Views */,
				06AB764B27DA42E30000B967 /* Main.storyboard */,
				06AB764E27DA42E40000B967 /* Assets.xcassets */,
				06AB765027DA42E40000B967 /* LaunchScreen.storyboard */,
				06AB765327DA42E40000B967 /* Info.plist */,
			);
			path = "fitbets admin";
			sourceTree = "<group>";
		};
		175E9A37B94FD9C09B4F1419 /* Pods */ = {
			isa = PBXGroup;
			children = (
				3EADA28B6AA7CB5C5997AAFA /* Pods-fitbets admin.debug.xcconfig */,
				A3BE86B1B8BD4EE0C57242F3 /* Pods-fitbets admin.release.xcconfig */,
			);
			path = Pods;
			sourceTree = "<group>";
		};
		CE433CD0F86BC9229B0EAFBC /* Frameworks */ = {
			isa = PBXGroup;
			children = (
				3273DDA638B6FD5506637067 /* Pods_fitbets_admin.framework */,
			);
			name = Frameworks;
			sourceTree = "<group>";
		};
/* End PBXGroup section */

/* Begin PBXNativeTarget section */
		06AB764127DA42E30000B967 /* fitbets admin */ = {
			isa = PBXNativeTarget;
			buildConfigurationList = 06AB765627DA42E40000B967 /* Build configuration list for PBXNativeTarget "fitbets admin" */;
			buildPhases = (
				408E83DFB4D6B142C66BA703 /* [CP] Check Pods Manifest.lock */,
				06AB763E27DA42E30000B967 /* Sources */,
				06AB763F27DA42E30000B967 /* Frameworks */,
				06AB764027DA42E30000B967 /* Resources */,
				AFA8DC6889F6B97C7450E5B9 /* [CP] Embed Pods Frameworks */,
			);
			buildRules = (
			);
			dependencies = (
			);
			name = "fitbets admin";
			productName = "fitbets admin";
			productReference = 06AB764227DA42E30000B967 /* fitbets admin.app */;
			productType = "com.apple.product-type.application";
		};
/* End PBXNativeTarget section */

/* Begin PBXProject section */
		06AB763A27DA42E30000B967 /* Project object */ = {
			isa = PBXProject;
			attributes = {
				BuildIndependentTargetsInParallel = 1;
				LastSwiftUpdateCheck = 1320;
				LastUpgradeCheck = 1320;
				TargetAttributes = {
					06AB764127DA42E30000B967 = {
						CreatedOnToolsVersion = 13.2.1;
					};
				};
			};
			buildConfigurationList = 06AB763D27DA42E30000B967 /* Build configuration list for PBXProject "fitbets admin" */;
			compatibilityVersion = "Xcode 13.0";
			developmentRegion = en;
			hasScannedForEncodings = 0;
			knownRegions = (
				en,
				Base,
			);
			mainGroup = 06AB763927DA42E30000B967;
			productRefGroup = 06AB764327DA42E30000B967 /* Products */;
			projectDirPath = "";
			projectRoot = "";
			targets = (
				06AB764127DA42E30000B967 /* fitbets admin */,
			);
		};
/* End PBXProject section */

/* Begin PBXResourcesBuildPhase section */
		06AB764027DA42E30000B967 /* Resources */ = {
			isa = PBXResourcesBuildPhase;
			buildActionMask = 2147483647;
			files = (
				06AB765227DA42E40000B967 /* LaunchScreen.storyboard in Resources */,
				06AB764F27DA42E40000B967 /* Assets.xcassets in Resources */,
				06AB764D27DA42E30000B967 /* Main.storyboard in Resources */,
			);
			runOnlyForDeploymentPostprocessing = 0;
		};
/* End PBXResourcesBuildPhase section */

/* Begin PBXShellScriptBuildPhase section */
		408E83DFB4D6B142C66BA703 /* [CP] Check Pods Manifest.lock */ = {
			isa = PBXShellScriptBuildPhase;
			buildActionMask = 2147483647;
			files = (
			);
			inputFileListPaths = (
			);
			inputPaths = (
				"${PODS_PODFILE_DIR_PATH}/Podfile.lock",
				"${PODS_ROOT}/Manifest.lock",
			);
			name = "[CP] Check Pods Manifest.lock";
			outputFileListPaths = (
			);
			outputPaths = (
				"$(DERIVED_FILE_DIR)/Pods-fitbets admin-checkManifestLockResult.txt",
			);
			runOnlyForDeploymentPostprocessing = 0;
			shellPath = /bin/sh;
			shellScript = "diff \"${PODS_PODFILE_DIR_PATH}/Podfile.lock\" \"${PODS_ROOT}/Manifest.lock\" > /dev/null\nif [ $? != 0 ] ; then\n    # print error to STDERR\n    echo \"error: The sandbox is not in sync with the Podfile.lock. Run 'pod install' or update your CocoaPods installation.\" >&2\n    exit 1\nfi\n# This output is used by Xcode 'outputs' to avoid re-running this script phase.\necho \"SUCCESS\" > \"${SCRIPT_OUTPUT_FILE_0}\"\n";
			showEnvVarsInLog = 0;
		};
		AFA8DC6889F6B97C7450E5B9 /* [CP] Embed Pods Frameworks */ = {
			isa = PBXShellScriptBuildPhase;
			buildActionMask = 2147483647;
			files = (
			);
			inputFileListPaths = (
				"${PODS_ROOT}/Target Support Files/Pods-fitbets admin/Pods-fitbets admin-frameworks-${CONFIGURATION}-input-files.xcfilelist",
			);
			name = "[CP] Embed Pods Frameworks";
			outputFileListPaths = (
				"${PODS_ROOT}/Target Support Files/Pods-fitbets admin/Pods-fitbets admin-frameworks-${CONFIGURATION}-output-files.xcfilelist",
			);
			runOnlyForDeploymentPostprocessing = 0;
			shellPath = /bin/sh;
			shellScript = "\"${PODS_ROOT}/Target Support Files/Pods-fitbets admin/Pods-fitbets admin-frameworks.sh\"\n";
			showEnvVarsInLog = 0;
		};
/* End PBXShellScriptBuildPhase section */

/* Begin PBXSourcesBuildPhase section */
		06AB763E27DA42E30000B967 /* Sources */ = {
			isa = PBXSourcesBuildPhase;
			buildActionMask = 2147483647;
			files = (
				068E2B5427DCAD4800FDCF09 /* RegisterViewController.swift in Sources */,
				064E178527DBB11000490430 /* RegisterModel.swift in Sources */,
				06177D1A27E3AD290007FEA3 /* UserTableViewCell.swift in Sources */,
				066F34A627DF9A1F0024C952 /* CategoryViewController.swift in Sources */,
				067E97C427E032E600D37F95 /* EditProfieViewController.swift in Sources */,
				066F34AB27DF9C240024C952 /* SettingViewController.swift in Sources */,
				064E178E27DBC38E00490430 /* LoginModel.swift in Sources */,
				06177D1627E2FCEC0007FEA3 /* AdminProfileViewController.swift in Sources */,
				061BC37027E3C26F00B62023 /* GetAllUserResponseModel.swift in Sources */,
				066F34A427DF9A110024C952 /* ChalengesViewController.swift in Sources */,
				064E178827DBB2BF00490430 /* ApIManager.swift in Sources */,
				068E2B5227DCA28700FDCF09 /* LoginViewController.swift in Sources */,
				066F34A827DF9A2C0024C952 /* UsersViewController.swift in Sources */,
				066F349D27DF99940024C952 /* ProfileViewController.swift in Sources */,
				06521AB327E3D150004825A4 /* UserDetailsViewController.swift in Sources */,
				066F349127DF1B900024C952 /* UIApplication + Extension.swift in Sources */,
				066F349F27DF99B60024C952 /* AdminViewController.swift in Sources */,
				064E178227DBAE3F00490430 /* Constant.swift in Sources */,
				06DEF23D27E21D67007E4F66 /* AdminDetailsModel.swift in Sources */,
				06AB764627DA42E30000B967 /* AppDelegate.swift in Sources */,
				06342B3D27E24D8E00918F89 /* AdminTableViewCell.swift in Sources */,
				06177D1827E304D50007FEA3 /* GetAdminProfileDataResponseModel.swift in Sources */,
				06CF318127DE01900088FBCF /* TokenService.swift in Sources */,
				066F349427DF29A90024C952 /* HomeViewController.swift in Sources */,
			);
			runOnlyForDeploymentPostprocessing = 0;
		};
/* End PBXSourcesBuildPhase section */

/* Begin PBXVariantGroup section */
		06AB764B27DA42E30000B967 /* Main.storyboard */ = {
			isa = PBXVariantGroup;
			children = (
				06AB764C27DA42E30000B967 /* Base */,
			);
			name = Main.storyboard;
			sourceTree = "<group>";
		};
		06AB765027DA42E40000B967 /* LaunchScreen.storyboard */ = {
			isa = PBXVariantGroup;
			children = (
				06AB765127DA42E40000B967 /* Base */,
			);
			name = LaunchScreen.storyboard;
			sourceTree = "<group>";
		};
/* End PBXVariantGroup section */

/* Begin XCBuildConfiguration section */
		06AB765427DA42E40000B967 /* Debug */ = {
			isa = XCBuildConfiguration;
			buildSettings = {
				ALWAYS_SEARCH_USER_PATHS = NO;
				CLANG_ANALYZER_NONNULL = YES;
				CLANG_ANALYZER_NUMBER_OBJECT_CONVERSION = YES_AGGRESSIVE;
				CLANG_CXX_LANGUAGE_STANDARD = "gnu++17";
				CLANG_CXX_LIBRARY = "libc++";
				CLANG_ENABLE_MODULES = YES;
				CLANG_ENABLE_OBJC_ARC = YES;
				CLANG_ENABLE_OBJC_WEAK = YES;
				CLANG_WARN_BLOCK_CAPTURE_AUTORELEASING = YES;
				CLANG_WARN_BOOL_CONVERSION = YES;
				CLANG_WARN_COMMA = YES;
				CLANG_WARN_CONSTANT_CONVERSION = YES;
				CLANG_WARN_DEPRECATED_OBJC_IMPLEMENTATIONS = YES;
				CLANG_WARN_DIRECT_OBJC_ISA_USAGE = YES_ERROR;
				CLANG_WARN_DOCUMENTATION_COMMENTS = YES;
				CLANG_WARN_EMPTY_BODY = YES;
				CLANG_WARN_ENUM_CONVERSION = YES;
				CLANG_WARN_INFINITE_RECURSION = YES;
				CLANG_WARN_INT_CONVERSION = YES;
				CLANG_WARN_NON_LITERAL_NULL_CONVERSION = YES;
				CLANG_WARN_OBJC_IMPLICIT_RETAIN_SELF = YES;
				CLANG_WARN_OBJC_LITERAL_CONVERSION = YES;
				CLANG_WARN_OBJC_ROOT_CLASS = YES_ERROR;
				CLANG_WARN_QUOTED_INCLUDE_IN_FRAMEWORK_HEADER = YES;
				CLANG_WARN_RANGE_LOOP_ANALYSIS = YES;
				CLANG_WARN_STRICT_PROTOTYPES = YES;
				CLANG_WARN_SUSPICIOUS_MOVE = YES;
				CLANG_WARN_UNGUARDED_AVAILABILITY = YES_AGGRESSIVE;
				CLANG_WARN_UNREACHABLE_CODE = YES;
				CLANG_WARN__DUPLICATE_METHOD_MATCH = YES;
				COPY_PHASE_STRIP = NO;
				DEBUG_INFORMATION_FORMAT = dwarf;
				ENABLE_STRICT_OBJC_MSGSEND = YES;
				ENABLE_TESTABILITY = YES;
				GCC_C_LANGUAGE_STANDARD = gnu11;
				GCC_DYNAMIC_NO_PIC = NO;
				GCC_NO_COMMON_BLOCKS = YES;
				GCC_OPTIMIZATION_LEVEL = 0;
				GCC_PREPROCESSOR_DEFINITIONS = (
					"DEBUG=1",
					"$(inherited)",
				);
				GCC_WARN_64_TO_32_BIT_CONVERSION = YES;
				GCC_WARN_ABOUT_RETURN_TYPE = YES_ERROR;
				GCC_WARN_UNDECLARED_SELECTOR = YES;
				GCC_WARN_UNINITIALIZED_AUTOS = YES_AGGRESSIVE;
				GCC_WARN_UNUSED_FUNCTION = YES;
				GCC_WARN_UNUSED_VARIABLE = YES;
				IPHONEOS_DEPLOYMENT_TARGET = 15.2;
				MTL_ENABLE_DEBUG_INFO = INCLUDE_SOURCE;
				MTL_FAST_MATH = YES;
				ONLY_ACTIVE_ARCH = YES;
				SDKROOT = iphoneos;
				SWIFT_ACTIVE_COMPILATION_CONDITIONS = DEBUG;
				SWIFT_OPTIMIZATION_LEVEL = "-Onone";
			};
			name = Debug;
		};
		06AB765527DA42E40000B967 /* Release */ = {
			isa = XCBuildConfiguration;
			buildSettings = {
				ALWAYS_SEARCH_USER_PATHS = NO;
				CLANG_ANALYZER_NONNULL = YES;
				CLANG_ANALYZER_NUMBER_OBJECT_CONVERSION = YES_AGGRESSIVE;
				CLANG_CXX_LANGUAGE_STANDARD = "gnu++17";
				CLANG_CXX_LIBRARY = "libc++";
				CLANG_ENABLE_MODULES = YES;
				CLANG_ENABLE_OBJC_ARC = YES;
				CLANG_ENABLE_OBJC_WEAK = YES;
				CLANG_WARN_BLOCK_CAPTURE_AUTORELEASING = YES;
				CLANG_WARN_BOOL_CONVERSION = YES;
				CLANG_WARN_COMMA = YES;
				CLANG_WARN_CONSTANT_CONVERSION = YES;
				CLANG_WARN_DEPRECATED_OBJC_IMPLEMENTATIONS = YES;
				CLANG_WARN_DIRECT_OBJC_ISA_USAGE = YES_ERROR;
				CLANG_WARN_DOCUMENTATION_COMMENTS = YES;
				CLANG_WARN_EMPTY_BODY = YES;
				CLANG_WARN_ENUM_CONVERSION = YES;
				CLANG_WARN_INFINITE_RECURSION = YES;
				CLANG_WARN_INT_CONVERSION = YES;
				CLANG_WARN_NON_LITERAL_NULL_CONVERSION = YES;
				CLANG_WARN_OBJC_IMPLICIT_RETAIN_SELF = YES;
				CLANG_WARN_OBJC_LITERAL_CONVERSION = YES;
				CLANG_WARN_OBJC_ROOT_CLASS = YES_ERROR;
				CLANG_WARN_QUOTED_INCLUDE_IN_FRAMEWORK_HEADER = YES;
				CLANG_WARN_RANGE_LOOP_ANALYSIS = YES;
				CLANG_WARN_STRICT_PROTOTYPES = YES;
				CLANG_WARN_SUSPICIOUS_MOVE = YES;
				CLANG_WARN_UNGUARDED_AVAILABILITY = YES_AGGRESSIVE;
				CLANG_WARN_UNREACHABLE_CODE = YES;
				CLANG_WARN__DUPLICATE_METHOD_MATCH = YES;
				COPY_PHASE_STRIP = NO;
				DEBUG_INFORMATION_FORMAT = "dwarf-with-dsym";
				ENABLE_NS_ASSERTIONS = NO;
				ENABLE_STRICT_OBJC_MSGSEND = YES;
				GCC_C_LANGUAGE_STANDARD = gnu11;
				GCC_NO_COMMON_BLOCKS = YES;
				GCC_WARN_64_TO_32_BIT_CONVERSION = YES;
				GCC_WARN_ABOUT_RETURN_TYPE = YES_ERROR;
				GCC_WARN_UNDECLARED_SELECTOR = YES;
				GCC_WARN_UNINITIALIZED_AUTOS = YES_AGGRESSIVE;
				GCC_WARN_UNUSED_FUNCTION = YES;
				GCC_WARN_UNUSED_VARIABLE = YES;
				IPHONEOS_DEPLOYMENT_TARGET = 15.2;
				MTL_ENABLE_DEBUG_INFO = NO;
				MTL_FAST_MATH = YES;
				SDKROOT = iphoneos;
				SWIFT_COMPILATION_MODE = wholemodule;
				SWIFT_OPTIMIZATION_LEVEL = "-O";
				VALIDATE_PRODUCT = YES;
			};
			name = Release;
		};
		06AB765727DA42E40000B967 /* Debug */ = {
			isa = XCBuildConfiguration;
			baseConfigurationReference = 3EADA28B6AA7CB5C5997AAFA /* Pods-fitbets admin.debug.xcconfig */;
			buildSettings = {
				ASSETCATALOG_COMPILER_APPICON_NAME = AppIcon;
				ASSETCATALOG_COMPILER_GLOBAL_ACCENT_COLOR_NAME = AccentColor;
				CODE_SIGN_STYLE = Automatic;
				CURRENT_PROJECT_VERSION = 1;
				DEVELOPMENT_TEAM = LL3FKWQC79;
				GENERATE_INFOPLIST_FILE = YES;
				INFOPLIST_FILE = "fitbets admin/Info.plist";
				INFOPLIST_KEY_UIApplicationSupportsIndirectInputEvents = YES;
				INFOPLIST_KEY_UILaunchStoryboardName = LaunchScreen;
				INFOPLIST_KEY_UIMainStoryboardFile = Main;
				INFOPLIST_KEY_UISupportedInterfaceOrientations_iPad = "UIInterfaceOrientationPortrait UIInterfaceOrientationPortraitUpsideDown UIInterfaceOrientationLandscapeLeft UIInterfaceOrientationLandscapeRight";
				INFOPLIST_KEY_UISupportedInterfaceOrientations_iPhone = "UIInterfaceOrientationPortrait UIInterfaceOrientationLandscapeLeft UIInterfaceOrientationLandscapeRight";
				LD_RUNPATH_SEARCH_PATHS = (
					"$(inherited)",
					"@executable_path/Frameworks",
				);
				MARKETING_VERSION = 1.0;
				PRODUCT_BUNDLE_IDENTIFIER = "com.hit.fitbets-admin";
				PRODUCT_NAME = "$(TARGET_NAME)";
				SWIFT_EMIT_LOC_STRINGS = YES;
				SWIFT_VERSION = 5.0;
				TARGETED_DEVICE_FAMILY = "1,2";
			};
			name = Debug;
		};
		06AB765827DA42E40000B967 /* Release */ = {
			isa = XCBuildConfiguration;
			baseConfigurationReference = A3BE86B1B8BD4EE0C57242F3 /* Pods-fitbets admin.release.xcconfig */;
			buildSettings = {
				ASSETCATALOG_COMPILER_APPICON_NAME = AppIcon;
				ASSETCATALOG_COMPILER_GLOBAL_ACCENT_COLOR_NAME = AccentColor;
				CODE_SIGN_STYLE = Automatic;
				CURRENT_PROJECT_VERSION = 1;
				DEVELOPMENT_TEAM = LL3FKWQC79;
				GENERATE_INFOPLIST_FILE = YES;
				INFOPLIST_FILE = "fitbets admin/Info.plist";
				INFOPLIST_KEY_UIApplicationSupportsIndirectInputEvents = YES;
				INFOPLIST_KEY_UILaunchStoryboardName = LaunchScreen;
				INFOPLIST_KEY_UIMainStoryboardFile = Main;
				INFOPLIST_KEY_UISupportedInterfaceOrientations_iPad = "UIInterfaceOrientationPortrait UIInterfaceOrientationPortraitUpsideDown UIInterfaceOrientationLandscapeLeft UIInterfaceOrientationLandscapeRight";
				INFOPLIST_KEY_UISupportedInterfaceOrientations_iPhone = "UIInterfaceOrientationPortrait UIInterfaceOrientationLandscapeLeft UIInterfaceOrientationLandscapeRight";
				LD_RUNPATH_SEARCH_PATHS = (
					"$(inherited)",
					"@executable_path/Frameworks",
				);
				MARKETING_VERSION = 1.0;
				PRODUCT_BUNDLE_IDENTIFIER = "com.hit.fitbets-admin";
				PRODUCT_NAME = "$(TARGET_NAME)";
				SWIFT_EMIT_LOC_STRINGS = YES;
				SWIFT_VERSION = 5.0;
				TARGETED_DEVICE_FAMILY = "1,2";
			};
			name = Release;
		};
/* End XCBuildConfiguration section */

/* Begin XCConfigurationList section */
		06AB763D27DA42E30000B967 /* Build configuration list for PBXProject "fitbets admin" */ = {
			isa = XCConfigurationList;
			buildConfigurations = (
				06AB765427DA42E40000B967 /* Debug */,
				06AB765527DA42E40000B967 /* Release */,
			);
			defaultConfigurationIsVisible = 0;
			defaultConfigurationName = Release;
		};
		06AB765627DA42E40000B967 /* Build configuration list for PBXNativeTarget "fitbets admin" */ = {
			isa = XCConfigurationList;
			buildConfigurations = (
				06AB765727DA42E40000B967 /* Debug */,
				06AB765827DA42E40000B967 /* Release */,
			);
			defaultConfigurationIsVisible = 0;
			defaultConfigurationName = Release;
		};
/* End XCConfigurationList section */
	};
	rootObject = 06AB763A27DA42E30000B967 /* Project object */;
}
